dependencies:
- name: traefik
  repository: https://traefik.github.io/charts
  version: 41.4.0
- name: cert-manager
  repository: https://charts.jetstack.io
  version: v1.21.1
- name: cert-manager-webhook-ovh
  repository: https://aureq.github.io/cert-manager-webhook-ovh
  version: 0.9.10
digest: sha256:b6267709e27f82a0d592e80a6f4117aace30759b54aa371ba7106839e6d4a63c
generated: "2026-08-27T19:47:14.811947+02:00"
