dependencies:
- name: traefik
  repository: https://traefik.github.io/charts
  version: 41.4.0
- name: cert-manager
  repository: https://charts.jetstack.io
  version: v1.21.1
digest: sha256:ff9da49be3efba6413791c3971c5f0d690274a872f9ccd9c56462d70beb9bafb
generated: "2026-08-27T18:40:11.357816+02:00"
